<?xml version="1.0" encoding="utf-8"?>
<Project ToolsVersion="4.0" xmlns="http://schemas.microsoft.com/developer/msbuild/2003">
  <ItemGroup>
    <Filter Include="Source Files">
      <UniqueIdentifier>{4FC737F1-C7A5-4376-A066-2A32D752A2FF}</UniqueIdentifier>
      <Extensions>cpp;c;cc;cxx;def;odl;idl;hpj;bat;asm;asmx</Extensions>
    </Filter>
    <Filter Include="Header Files">
      <UniqueIdentifier>{93995380-89BD-4b04-88EB-625FBE52EBFB}</UniqueIdentifier>
      <Extensions>h;hpp;hxx;hm;inl;inc;xsd</Extensions>
    </Filter>
    <Filter Include="Resource Files">
      <UniqueIdentifier>{67DA6AB6-F800-4c08-8B7A-83BB121AAD01}</UniqueIdentifier>
      <Extensions>rc;ico;cur;bmp;dlg;rc2;rct;bin;rgs;gif;jpg;jpeg;jpe;resx;tiff;tif;png;wav</Extensions>
    </Filter>
    <Filter Include="Scripts">
      <UniqueIdentifier>{cf0213c9-090b-4d7b-b520-15dfdc2a8dc9}</UniqueIdentifier>
    </Filter>
    <Filter Include="sktoolslib">
      <UniqueIdentifier>{3c7375ef-2b6e-4733-9c3c-40d59a7a0975}</UniqueIdentifier>
    </Filter>
  </ItemGroup>
  <ItemGroup>
    <ClCompile Include="AboutDlg.cpp">
      <Filter>Source Files</Filter>
    </ClCompile>
    <ClCompile Include="Bookmarks.cpp">
      <Filter>Source Files</Filter>
    </ClCompile>
    <ClCompile Include="BookmarksDlg.cpp">
      <Filter>Source Files</Filter>
    </ClCompile>
    <ClCompile Include="grepWin.cpp">
      <Filter>Source Files</Filter>
    </ClCompile>
    <ClCompile Include="InfoDlg.cpp">
      <Filter>Source Files</Filter>
    </ClCompile>
    <ClCompile Include="NameDlg.cpp">
      <Filter>Source Files</Filter>
    </ClCompile>
    <ClCompile Include="RegexTestDlg.cpp">
      <Filter>Source Files</Filter>
    </ClCompile>
    <ClCompile Include="SearchDlg.cpp">
      <Filter>Source Files</Filter>
    </ClCompile>
    <ClCompile Include="SearchInfo.cpp">
      <Filter>Source Files</Filter>
    </ClCompile>
    <ClCompile Include="stdafx.cpp">
      <Filter>Source Files</Filter>
    </ClCompile>
    <ClCompile Include="MultiLineEditDlg.cpp">
      <Filter>Source Files</Filter>
    </ClCompile>
    <ClCompile Include="RegexReplaceFormatter.cpp">
      <Filter>Source Files</Filter>
    </ClCompile>
    <ClCompile Include="Settings.cpp">
      <Filter>Source Files</Filter>
    </ClCompile>
    <ClCompile Include="..\sktoolslib\Registry.cpp">
      <Filter>sktoolslib</Filter>
    </ClCompile>
    <ClCompile Include="..\sktoolslib\StringUtils.cpp">
      <Filter>sktoolslib</Filter>
    </ClCompile>
    <ClCompile Include="..\sktoolslib\SysImageList.cpp">
      <Filter>sktoolslib</Filter>
    </ClCompile>
    <ClCompile Include="..\sktoolslib\SysInfo.cpp">
      <Filter>sktoolslib</Filter>
    </ClCompile>
    <ClCompile Include="..\sktoolslib\TextFile.cpp">
      <Filter>sktoolslib</Filter>
    </ClCompile>
    <ClCompile Include="..\sktoolslib\UnicodeUtils.cpp">
      <Filter>sktoolslib</Filter>
    </ClCompile>
    <ClCompile Include="..\sktoolslib\AeroControls.cpp">
      <Filter>sktoolslib</Filter>
    </ClCompile>
    <ClCompile Include="..\sktoolslib\AeroGlass.cpp">
      <Filter>sktoolslib</Filter>
    </ClCompile>
    <ClCompile Include="..\sktoolslib\AutoComplete.cpp">
      <Filter>sktoolslib</Filter>
    </ClCompile>
    <ClCompile Include="..\sktoolslib\BaseDialog.cpp">
      <Filter>sktoolslib</Filter>
    </ClCompile>
    <ClCompile Include="..\sktoolslib\BaseWindow.cpp">
      <Filter>sktoolslib</Filter>
    </ClCompile>
    <ClCompile Include="..\sktoolslib\BrowseFolder.cpp">
      <Filter>sktoolslib</Filter>
    </ClCompile>
    <ClCompile Include="..\sktoolslib\CmdLineParser.cpp">
      <Filter>sktoolslib</Filter>
    </ClCompile>
    <ClCompile Include="..\sktoolslib\DirFileEnum.cpp">
      <Filter>sktoolslib</Filter>
    </ClCompile>
    <ClCompile Include="..\sktoolslib\DlgResizer.cpp">
      <Filter>sktoolslib</Filter>
    </ClCompile>
    <ClCompile Include="..\sktoolslib\DropFiles.cpp">
      <Filter>sktoolslib</Filter>
    </ClCompile>
    <ClCompile Include="..\sktoolslib\EditDoubleClick.cpp">
      <Filter>sktoolslib</Filter>
    </ClCompile>
    <ClCompile Include="..\sktoolslib\FileDropTarget.cpp">
      <Filter>sktoolslib</Filter>
    </ClCompile>
    <ClCompile Include="..\sktoolslib\hyperlink.cpp">
      <Filter>sktoolslib</Filter>
    </ClCompile>
    <ClCompile Include="..\sktoolslib\RegHistory.cpp">
      <Filter>sktoolslib</Filter>
    </ClCompile>
    <ClCompile Include="ShellContextMenu.cpp">
      <Filter>Source Files</Filter>
    </ClCompile>
    <ClCompile Include="..\sktoolslib\Language.cpp">
      <Filter>sktoolslib</Filter>
    </ClCompile>
    <ClCompile Include="..\sktoolslib\codecvt.cpp">
      <Filter>sktoolslib</Filter>
    </ClCompile>
  </ItemGroup>
  <ItemGroup>
    <ClInclude Include="AboutDlg.h">
      <Filter>Header Files</Filter>
    </ClInclude>
    <ClInclude Include="Bookmarks.h">
      <Filter>Header Files</Filter>
    </ClInclude>
    <ClInclude Include="BookmarksDlg.h">
      <Filter>Header Files</Filter>
    </ClInclude>
    <ClInclude Include="InfoDlg.h">
      <Filter>Header Files</Filter>
    </ClInclude>
    <ClInclude Include="NameDlg.h">
      <Filter>Header Files</Filter>
    </ClInclude>
    <ClInclude Include="RegexTestDlg.h">
      <Filter>Header Files</Filter>
    </ClInclude>
    <ClInclude Include="resource.h">
      <Filter>Header Files</Filter>
    </ClInclude>
    <ClInclude Include="SearchDlg.h">
      <Filter>Header Files</Filter>
    </ClInclude>
    <ClInclude Include="SearchInfo.h">
      <Filter>Header Files</Filter>
    </ClInclude>
    <ClInclude Include="stdafx.h">
      <Filter>Header Files</Filter>
    </ClInclude>
    <ClInclude Include="MultiLineEditDlg.h">
      <Filter>Header Files</Filter>
    </ClInclude>
    <ClInclude Include="RegexReplaceFormatter.h">
      <Filter>Header Files</Filter>
    </ClInclude>
    <ClInclude Include="Settings.h">
      <Filter>Header Files</Filter>
    </ClInclude>
    <ClInclude Include="LineData.h">
      <Filter>Header Files</Filter>
    </ClInclude>
    <ClInclude Include="..\sktoolslib\Registry.h">
      <Filter>sktoolslib</Filter>
    </ClInclude>
    <ClInclude Include="..\sktoolslib\StringUtils.h">
      <Filter>sktoolslib</Filter>
    </ClInclude>
    <ClInclude Include="..\sktoolslib\SysImageList.h">
      <Filter>sktoolslib</Filter>
    </ClInclude>
    <ClInclude Include="..\sktoolslib\SysInfo.h">
      <Filter>sktoolslib</Filter>
    </ClInclude>
    <ClInclude Include="..\sktoolslib\TextFile.h">
      <Filter>sktoolslib</Filter>
    </ClInclude>
    <ClInclude Include="..\sktoolslib\UnicodeUtils.h">
      <Filter>sktoolslib</Filter>
    </ClInclude>
    <ClInclude Include="..\sktoolslib\AeroControls.h">
      <Filter>sktoolslib</Filter>
    </ClInclude>
    <ClInclude Include="..\sktoolslib\AeroGlass.h">
      <Filter>sktoolslib</Filter>
    </ClInclude>
    <ClInclude Include="..\sktoolslib\AutoComplete.h">
      <Filter>sktoolslib</Filter>
    </ClInclude>
    <ClInclude Include="..\sktoolslib\BaseDialog.h">
      <Filter>sktoolslib</Filter>
    </ClInclude>
    <ClInclude Include="..\sktoolslib\BaseWindow.h">
      <Filter>sktoolslib</Filter>
    </ClInclude>
    <ClInclude Include="..\sktoolslib\BrowseFolder.h">
      <Filter>sktoolslib</Filter>
    </ClInclude>
    <ClInclude Include="..\sktoolslib\CmdLineParser.h">
      <Filter>sktoolslib</Filter>
    </ClInclude>
    <ClInclude Include="..\sktoolslib\DirFileEnum.h">
      <Filter>sktoolslib</Filter>
    </ClInclude>
    <ClInclude Include="..\sktoolslib\DlgResizer.h">
      <Filter>sktoolslib</Filter>
    </ClInclude>
    <ClInclude Include="..\sktoolslib\DropFiles.h">
      <Filter>sktoolslib</Filter>
    </ClInclude>
    <ClInclude Include="..\sktoolslib\EditDoubleClick.h">
      <Filter>sktoolslib</Filter>
    </ClInclude>
    <ClInclude Include="..\sktoolslib\FileDropTarget.h">
      <Filter>sktoolslib</Filter>
    </ClInclude>
    <ClInclude Include="..\sktoolslib\hyperlink.h">
      <Filter>sktoolslib</Filter>
    </ClInclude>
    <ClInclude Include="..\sktoolslib\maxpath.h">
      <Filter>sktoolslib</Filter>
    </ClInclude>
    <ClInclude Include="..\sktoolslib\RegHistory.h">
      <Filter>sktoolslib</Filter>
    </ClInclude>
    <ClInclude Include="ShellContextMenu.h">
      <Filter>Header Files</Filter>
    </ClInclude>
    <ClInclude Include="..\sktoolslib\Language.h">
      <Filter>sktoolslib</Filter>
    </ClInclude>
    <ClInclude Include="..\sktoolslib\codecvt.h">
      <Filter>sktoolslib</Filter>
    </ClInclude>
    <ClInclude Include="..\sktoolslib\ResString.h">
      <Filter>sktoolslib</Filter>
    </ClInclude>
  </ItemGroup>
  <ItemGroup>
    <None Include="Resources\grepWin.ico">
      <Filter>Resource Files</Filter>
    </None>
    <None Include="Resources\small.ico">
      <Filter>Resource Files</Filter>
    </None>
    <None Include="..\default.build">
      <Filter>Scripts</Filter>
    </None>
    <None Include="Setup\setup.build">
      <Filter>Scripts</Filter>
    </None>
    <None Include="Setup\Setup.wxs">
      <Filter>Scripts</Filter>
    </None>
    <None Include="..\version.build.in">
      <Filter>Scripts</Filter>
    </None>
    <None Include="..\versioninfo.build">
      <Filter>Scripts</Filter>
    </None>
    <None Include="Setup\WixUI_Custom.wxs">
      <Filter>Scripts</Filter>
    </None>
    <None Include="Resources\infodlg.htm">
      <Filter>Resource Files</Filter>
    </None>
    <None Include="Setup\Setup64.wxs">
      <Filter>Scripts</Filter>
    </None>
  </ItemGroup>
  <ItemGroup>
    <ResourceCompile Include="Resources\grepWin.rc">
      <Filter>Resource Files</Filter>
    </ResourceCompile>
  </ItemGroup>
</Project>